
Microsoft Visual Studio Solution File, Format Version 12.00
# Visual Studio Version 17
VisualStudioVersion = 17.12.35707.178
MinimumVisualStudioVersion = 10.0.40219.1
Project("{FAE04EC0-301F-11D3-BF4B-00C04F79EFBC}") = "Data", "Data\Data.csproj", "{34C5F601-AA1C-4337-B728-F43EEB5C1300}"
EndProject
Project("{FAE04EC0-301F-11D3-BF4B-00C04F79EFBC}") = "Business", "Business\Business.csproj", "{2E6E9220-FD01-427E-8754-0AEA3593248D}"
EndProject
Project("{FAE04EC0-301F-11D3-BF4B-00C04F79EFBC}") = "WebApi", "WebApi\WebApi.csproj", "{916090BE-7061-4FC7-BE33-DF1DF2C28DE5}"
EndProject
Project("{54A90642-561A-4BB1-A94E-469ADEE60C69}") = "reactfrontend", "ReactFrontend\reactfrontend.esproj", "{EE74358E-E669-4A70-A238-C19B2F96DAF5}"
EndProject
Global
	GlobalSection(SolutionConfigurationPlatforms) = preSolution
		Debug|Any CPU = Debug|Any CPU
		Release|Any CPU = Release|Any CPU
	EndGlobalSection
	GlobalSection(ProjectConfigurationPlatforms) = postSolution
		{34C5F601-AA1C-4337-B728-F43EEB5C1300}.Debug|Any CPU.ActiveCfg = Debug|Any CPU
		{34C5F601-AA1C-4337-B728-F43EEB5C1300}.Debug|Any CPU.Build.0 = Debug|Any CPU
		{34C5F601-AA1C-4337-B728-F43EEB5C1300}.Release|Any CPU.ActiveCfg = Release|Any CPU
		{34C5F601-AA1C-4337-B728-F43EEB5C1300}.Release|Any CPU.Build.0 = Release|Any CPU
		{2E6E9220-FD01-427E-8754-0AEA3593248D}.Debug|Any CPU.ActiveCfg = Debug|Any CPU
		{2E6E9220-FD01-427E-8754-0AEA3593248D}.Debug|Any CPU.Build.0 = Debug|Any CPU
		{2E6E9220-FD01-427E-8754-0AEA3593248D}.Release|Any CPU.ActiveCfg = Release|Any CPU
		{2E6E9220-FD01-427E-8754-0AEA3593248D}.Release|Any CPU.Build.0 = Release|Any CPU
		{916090BE-7061-4FC7-BE33-DF1DF2C28DE5}.Debug|Any CPU.ActiveCfg = Debug|Any CPU
		{916090BE-7061-4FC7-BE33-DF1DF2C28DE5}.Debug|Any CPU.Build.0 = Debug|Any CPU
		{916090BE-7061-4FC7-BE33-DF1DF2C28DE5}.Release|Any CPU.ActiveCfg = Release|Any CPU
		{916090BE-7061-4FC7-BE33-DF1DF2C28DE5}.Release|Any CPU.Build.0 = Release|Any CPU
		{EE74358E-E669-4A70-A238-C19B2F96DAF5}.Debug|Any CPU.ActiveCfg = Debug|Any CPU
		{EE74358E-E669-4A70-A238-C19B2F96DAF5}.Debug|Any CPU.Build.0 = Debug|Any CPU
		{EE74358E-E669-4A70-A238-C19B2F96DAF5}.Debug|Any CPU.Deploy.0 = Debug|Any CPU
		{EE74358E-E669-4A70-A238-C19B2F96DAF5}.Release|Any CPU.ActiveCfg = Release|Any CPU
		{EE74358E-E669-4A70-A238-C19B2F96DAF5}.Release|Any CPU.Build.0 = Release|Any CPU
		{EE74358E-E669-4A70-A238-C19B2F96DAF5}.Release|Any CPU.Deploy.0 = Release|Any CPU
	EndGlobalSection
	GlobalSection(SolutionProperties) = preSolution
		HideSolutionNode = FALSE
	EndGlobalSection
EndGlobal
